
Microsoft Visual Studio Solution File, Format Version 12.00
# Visual Studio 15
VisualStudioVersion = 15.0.28010.2036
MinimumVisualStudioVersion = 10.0.40219.1
Project("{FAE04EC0-301F-11D3-BF4B-00C04F79EFBC}") = "MovieCrazeDemo", "MovieCrazeDemo\MovieCrazeDemo.csproj", "{FC11E1ED-051E-4378-97C6-8E62E00CB6E1}"
EndProject
Project("{FAE04EC0-301F-11D3-BF4B-00C04F79EFBC}") = "MovieCrazeDemo.Tests", "MovieCrazeDemo.Tests\MovieCrazeDemo.Tests.csproj", "{2D4CD963-53CB-4501-8887-97BA00153202}"
EndProject
Global
	GlobalSection(SolutionConfigurationPlatforms) = preSolution
		Debug|Any CPU = Debug|Any CPU
		Release|Any CPU = Release|Any CPU
	EndGlobalSection
	GlobalSection(ProjectConfigurationPlatforms) = postSolution
		{FC11E1ED-051E-4378-97C6-8E62E00CB6E1}.Debug|Any CPU.ActiveCfg = Debug|Any CPU
		{FC11E1ED-051E-4378-97C6-8E62E00CB6E1}.Debug|Any CPU.Build.0 = Debug|Any CPU
		{FC11E1ED-051E-4378-97C6-8E62E00CB6E1}.Release|Any CPU.ActiveCfg = Release|Any CPU
		{FC11E1ED-051E-4378-97C6-8E62E00CB6E1}.Release|Any CPU.Build.0 = Release|Any CPU
		{2D4CD963-53CB-4501-8887-97BA00153202}.Debug|Any CPU.ActiveCfg = Debug|Any CPU
		{2D4CD963-53CB-4501-8887-97BA00153202}.Debug|Any CPU.Build.0 = Debug|Any CPU
		{2D4CD963-53CB-4501-8887-97BA00153202}.Release|Any CPU.ActiveCfg = Release|Any CPU
		{2D4CD963-53CB-4501-8887-97BA00153202}.Release|Any CPU.Build.0 = Release|Any CPU
	EndGlobalSection
	GlobalSection(SolutionProperties) = preSolution
		HideSolutionNode = FALSE
	EndGlobalSection
	GlobalSection(ExtensibilityGlobals) = postSolution
		SolutionGuid = {7850BC8B-4F93-4F6A-84F4-D1ABBEBED708}
	EndGlobalSection
EndGlobal
